github.com/joho/godotenv v1.5.1 h1:7eLL/+HRGLY0ldzfGMeQkb7vMd0as4CfYvUVzLqw0N0=
github.com/joho/godotenv v1.5.1/go.mod h1:f4LDr5Voq0i2e/R5DDNOoa2zzDfwtkZa6DnEwAbqwq4=
github.com/kazzmir/opus-go v1.3.0 h1:8JbU37tY1EqOE/b+orjgfwua0RW4TLZq+FhU0Nj5NsM=
github.com/kazzmir/opus-go v1.3.0/go.mod h1:oKDlLYxYVpknE4zKDmJyiLPB9RyhKw0n/l7EoPr6000=
